// !$*UTF8*$!
{
	archiveVersion = 1;
	classes = {
	};
	objectVersion = 55;
	objects = {

/* Begin PBXBuildFile section */
		1325CFD22923BF51001C3DA9 /* AppDelegate.swift in Sources */ = {isa = PBXBuildFile; fileRef = 1325CFD12923BF51001C3DA9 /* AppDelegate.swift */; };
		1325CFD42923BF51001C3DA9 /* SceneDelegate.swift in Sources */ = {isa = PBXBuildFile; fileRef = 1325CFD32923BF51001C3DA9 /* SceneDelegate.swift */; };
		1325CFD62923BF51001C3DA9 /* ViewController.swift in Sources */ = {isa = PBXBuildFile; fileRef = 1325CFD52923BF51001C3DA9 /* ViewController.swift */; };
		1325CFD92923BF51001C3DA9 /* Main.storyboard in Resources */ = {isa = PBXBuildFile; fileRef = 1325CFD72923BF51001C3DA9 /* Main.storyboard */; };
		1325CFDB2923BF53001C3DA9 /* Assets.xcassets in Resources */ = {isa = PBXBuildFile; fileRef = 1325CFDA2923BF53001C3DA9 /* Assets.xcassets */; };
		1325CFDE2923BF53001C3DA9 /* LaunchScreen.storyboard in Resources */ = {isa = PBXBuildFile; fileRef = 1325CFDC2923BF53001C3DA9 /* LaunchScreen.storyboard */; };
		1325CFE62923BF6A001C3DA9 /* Entity.swift in Sources */ = {isa = PBXBuildFile; fileRef = 1325CFE52923BF6A001C3DA9 /* Entity.swift */; };
		1325CFE82923C136001C3DA9 /* Manager.swift in Sources */ = {isa = PBXBuildFile; fileRef = 1325CFE72923C136001C3DA9 /* Manager.swift */; };
		1325CFF02923C410001C3DA9 /* HomeViewController.swift in Sources */ = {isa = PBXBuildFile; fileRef = 1325CFEE2923C410001C3DA9 /* HomeViewController.swift */; };
		1325CFF12923C410001C3DA9 /* HomeViewController.xib in Resources */ = {isa = PBXBuildFile; fileRef = 1325CFEF2923C410001C3DA9 /* HomeViewController.xib */; };
		13341926292407A5003AFF65 /* WeatherModel.swift in Sources */ = {isa = PBXBuildFile; fileRef = 13341925292407A5003AFF65 /* WeatherModel.swift */; };
		13341928292410F4003AFF65 /* CityEntity.swift in Sources */ = {isa = PBXBuildFile; fileRef = 13341927292410F4003AFF65 /* CityEntity.swift */; };
		1334192A29241128003AFF65 /* CityManager.swift in Sources */ = {isa = PBXBuildFile; fileRef = 1334192929241128003AFF65 /* CityManager.swift */; };
		13E28C87292E29D9006BB207 /* WeatherOptionsViewController.swift in Sources */ = {isa = PBXBuildFile; fileRef = 13E28C85292E29D9006BB207 /* WeatherOptionsViewController.swift */; };
		13E28C88292E29D9006BB207 /* WeatherOptionsViewController.xib in Resources */ = {isa = PBXBuildFile; fileRef = 13E28C86292E29D9006BB207 /* WeatherOptionsViewController.xib */; };
/* End PBXBuildFile section */

/* Begin PBXFileReference section */
		1325CFCE2923BF51001C3DA9 /* Weather.app */ = {isa = PBXFileReference; explicitFileType = wrapper.application; includeInIndex = 0; path = Weather.app; sourceTree = BUILT_PRODUCTS_DIR; };
		1325CFD12923BF51001C3DA9 /* AppDelegate.swift */ = {isa = PBXFileReference; lastKnownFileType = sourcecode.swift; path = AppDelegate.swift; sourceTree = "<group>"; };
		1325CFD32923BF51001C3DA9 /* SceneDelegate.swift */ = {isa = PBXFileReference; lastKnownFileType = sourcecode.swift; path = SceneDelegate.swift; sourceTree = "<group>"; };
		1325CFD52923BF51001C3DA9 /* ViewController.swift */ = {isa = PBXFileReference; lastKnownFileType = sourcecode.swift; path = ViewController.swift; sourceTree = "<group>"; };
		1325CFD82923BF51001C3DA9 /* Base */ = {isa = PBXFileReference; lastKnownFileType = file.storyboard; name = Base; path = Base.lproj/Main.storyboard; sourceTree = "<group>"; };
		1325CFDA2923BF53001C3DA9 /* Assets.xcassets */ = {isa = PBXFileReference; lastKnownFileType = folder.assetcatalog; path = Assets.xcassets; sourceTree = "<group>"; };
		1325CFDD2923BF53001C3DA9 /* Base */ = {isa = PBXFileReference; lastKnownFileType = file.storyboard; name = Base; path = Base.lproj/LaunchScreen.storyboard; sourceTree = "<group>"; };
		1325CFDF2923BF53001C3DA9 /* Info.plist */ = {isa = PBXFileReference; lastKnownFileType = text.plist.xml; path = Info.plist; sourceTree = "<group>"; };
		1325CFE52923BF6A001C3DA9 /* Entity.swift */ = {isa = PBXFileReference; lastKnownFileType = sourcecode.swift; path = Entity.swift; sourceTree = "<group>"; };
		1325CFE72923C136001C3DA9 /* Manager.swift */ = {isa = PBXFileReference; lastKnownFileType = sourcecode.swift; path = Manager.swift; sourceTree = "<group>"; };
		1325CFEE2923C410001C3DA9 /* HomeViewController.swift */ = {isa = PBXFileReference; lastKnownFileType = sourcecode.swift; path = HomeViewController.swift; sourceTree = "<group>"; };
		1325CFEF2923C410001C3DA9 /* HomeViewController.xib */ = {isa = PBXFileReference; lastKnownFileType = file.xib; path = HomeViewController.xib; sourceTree = "<group>"; };
		13341925292407A5003AFF65 /* WeatherModel.swift */ = {isa = PBXFileReference; lastKnownFileType = sourcecode.swift; path = WeatherModel.swift; sourceTree = "<group>"; };
		13341927292410F4003AFF65 /* CityEntity.swift */ = {isa = PBXFileReference; lastKnownFileType = sourcecode.swift; path = CityEntity.swift; sourceTree = "<group>"; };
		1334192929241128003AFF65 /* CityManager.swift */ = {isa = PBXFileReference; lastKnownFileType = sourcecode.swift; path = CityManager.swift; sourceTree = "<group>"; };
		13E28C85292E29D9006BB207 /* WeatherOptionsViewController.swift */ = {isa = PBXFileReference; lastKnownFileType = sourcecode.swift; path = WeatherOptionsViewController.swift; sourceTree = "<group>"; };
		13E28C86292E29D9006BB207 /* WeatherOptionsViewController.xib */ = {isa = PBXFileReference; lastKnownFileType = file.xib; path = WeatherOptionsViewController.xib; sourceTree = "<group>"; };
/* End PBXFileReference section */

/* Begin PBXFrameworksBuildPhase section */
		1325CFCB2923BF51001C3DA9 /* Frameworks */ = {
			isa = PBXFrameworksBuildPhase;
			buildActionMask = 2147483647;
			files = (
			);
			runOnlyForDeploymentPostprocessing = 0;
		};
/* End PBXFrameworksBuildPhase section */

/* Begin PBXGroup section */
		1325CFC52923BF51001C3DA9 = {
			isa = PBXGroup;
			children = (
				1325CFD02923BF51001C3DA9 /* Weather */,
				1325CFCF2923BF51001C3DA9 /* Products */,
			);
			sourceTree = "<group>";
		};
		1325CFCF2923BF51001C3DA9 /* Products */ = {
			isa = PBXGroup;
			children = (
				1325CFCE2923BF51001C3DA9 /* Weather.app */,
			);
			name = Products;
			sourceTree = "<group>";
		};
		1325CFD02923BF51001C3DA9 /* Weather */ = {
			isa = PBXGroup;
			children = (
				13E28C82292E295A006BB207 /* WeatherOptions */,
				1325CFED2923C3EF001C3DA9 /* Home */,
				1325CFD12923BF51001C3DA9 /* AppDelegate.swift */,
				1325CFD32923BF51001C3DA9 /* SceneDelegate.swift */,
				1325CFD52923BF51001C3DA9 /* ViewController.swift */,
				1325CFD72923BF51001C3DA9 /* Main.storyboard */,
				1325CFDA2923BF53001C3DA9 /* Assets.xcassets */,
				1325CFDC2923BF53001C3DA9 /* LaunchScreen.storyboard */,
				1325CFDF2923BF53001C3DA9 /* Info.plist */,
				1325CFE52923BF6A001C3DA9 /* Entity.swift */,
				1325CFE72923C136001C3DA9 /* Manager.swift */,
				13341925292407A5003AFF65 /* WeatherModel.swift */,
				13341927292410F4003AFF65 /* CityEntity.swift */,
				1334192929241128003AFF65 /* CityManager.swift */,
			);
			path = Weather;
			sourceTree = "<group>";
		};
		1325CFED2923C3EF001C3DA9 /* Home */ = {
			isa = PBXGroup;
			children = (
				1325CFEE2923C410001C3DA9 /* HomeViewController.swift */,
				1325CFEF2923C410001C3DA9 /* HomeViewController.xib */,
			);
			path = Home;
			sourceTree = "<group>";
		};
		13E28C82292E295A006BB207 /* WeatherOptions */ = {
			isa = PBXGroup;
			children = (
				13E28C85292E29D9006BB207 /* WeatherOptionsViewController.swift */,
				13E28C86292E29D9006BB207 /* WeatherOptionsViewController.xib */,
			);
			path = WeatherOptions;
			sourceTree = "<group>";
		};
/* End PBXGroup section */

/* Begin PBXNativeTarget section */
		1325CFCD2923BF51001C3DA9 /* Weather */ = {
			isa = PBXNativeTarget;
			buildConfigurationList = 1325CFE22923BF53001C3DA9 /* Build configuration list for PBXNativeTarget "Weather" */;
			buildPhases = (
				1325CFCA2923BF51001C3DA9 /* Sources */,
				1325CFCB2923BF51001C3DA9 /* Frameworks */,
				1325CFCC2923BF51001C3DA9 /* Resources */,
			);
			buildRules = (
			);
			dependencies = (
			);
			name = Weather;
			productName = Weather;
			productReference = 1325CFCE2923BF51001C3DA9 /* Weather.app */;
			productType = "com.apple.product-type.application";
		};
/* End PBXNativeTarget section */

/* Begin PBXProject section */
		1325CFC62923BF51001C3DA9 /* Project object */ = {
			isa = PBXProject;
			attributes = {
				BuildIndependentTargetsInParallel = 1;
				LastSwiftUpdateCheck = 1340;
				LastUpgradeCheck = 1340;
				TargetAttributes = {
					1325CFCD2923BF51001C3DA9 = {
						CreatedOnToolsVersion = 13.4.1;
					};
				};
			};
			buildConfigurationList = 1325CFC92923BF51001C3DA9 /* Build configuration list for PBXProject "Weather" */;
			compatibilityVersion = "Xcode 13.0";
			developmentRegion = en;
			hasScannedForEncodings = 0;
			knownRegions = (
				en,
				Base,
			);
			mainGroup = 1325CFC52923BF51001C3DA9;
			productRefGroup = 1325CFCF2923BF51001C3DA9 /* Products */;
			projectDirPath = "";
			projectRoot = "";
			targets = (
				1325CFCD2923BF51001C3DA9 /* Weather */,
			);
		};
/* End PBXProject section */

/* Begin PBXResourcesBuildPhase section */
		1325CFCC2923BF51001C3DA9 /* Resources */ = {
			isa = PBXResourcesBuildPhase;
			buildActionMask = 2147483647;
			files = (
				1325CFDE2923BF53001C3DA9 /* LaunchScreen.storyboard in Resources */,
				13E28C88292E29D9006BB207 /* WeatherOptionsViewController.xib in Resources */,
				1325CFDB2923BF53001C3DA9 /* Assets.xcassets in Resources */,
				1325CFD92923BF51001C3DA9 /* Main.storyboard in Resources */,
				1325CFF12923C410001C3DA9 /* HomeViewController.xib in Resources */,
			);
			runOnlyForDeploymentPostprocessing = 0;
		};
/* End PBXResourcesBuildPhase section */

/* Begin PBXSourcesBuildPhase section */
		1325CFCA2923BF51001C3DA9 /* Sources */ = {
			isa = PBXSourcesBuildPhase;
			buildActionMask = 2147483647;
			files = (
				1325CFE62923BF6A001C3DA9 /* Entity.swift in Sources */,
				1325CFD62923BF51001C3DA9 /* ViewController.swift in Sources */,
				13E28C87292E29D9006BB207 /* WeatherOptionsViewController.swift in Sources */,
				1334192A29241128003AFF65 /* CityManager.swift in Sources */,
				1325CFD22923BF51001C3DA9 /* AppDelegate.swift in Sources */,
				13341926292407A5003AFF65 /* WeatherModel.swift in Sources */,
				1325CFD42923BF51001C3DA9 /* SceneDelegate.swift in Sources */,
				1325CFE82923C136001C3DA9 /* Manager.swift in Sources */,
				13341928292410F4003AFF65 /* CityEntity.swift in Sources */,
				1325CFF02923C410001C3DA9 /* HomeViewController.swift in Sources */,
			);
			runOnlyForDeploymentPostprocessing = 0;
		};
/* End PBXSourcesBuildPhase section */

/* Begin PBXVariantGroup section */
		1325CFD72923BF51001C3DA9 /* Main.storyboard */ = {
			isa = PBXVariantGroup;
			children = (
				1325CFD82923BF51001C3DA9 /* Base */,
			);
			name = Main.storyboard;
			sourceTree = "<group>";
		};
		1325CFDC2923BF53001C3DA9 /* LaunchScreen.storyboard */ = {
			isa = PBXVariantGroup;
			children = (
				1325CFDD2923BF53001C3DA9 /* Base */,
			);
			name = LaunchScreen.storyboard;
			sourceTree = "<group>";
		};
/* End PBXVariantGroup section */

/* Begin XCBuildConfiguration section */
		1325CFE02923BF53001C3DA9 /* Debug */ = {
			isa = XCBuildConfiguration;
			buildSettings = {
				ALWAYS_SEARCH_USER_PATHS = NO;
				CLANG_ANALYZER_NONNULL = YES;
				CLANG_ANALYZER_NUMBER_OBJECT_CONVERSION = YES_AGGRESSIVE;
				CLANG_CXX_LANGUAGE_STANDARD = "gnu++17";
				CLANG_ENABLE_MODULES = YES;
				CLANG_ENABLE_OBJC_ARC = YES;
				CLANG_ENABLE_OBJC_WEAK = YES;
				CLANG_WARN_BLOCK_CAPTURE_AUTORELEASING = YES;
				CLANG_WARN_BOOL_CONVERSION = YES;
				CLANG_WARN_COMMA = YES;
				CLANG_WARN_CONSTANT_CONVERSION = YES;
				CLANG_WARN_DEPRECATED_OBJC_IMPLEMENTATIONS = YES;
				CLANG_WARN_DIRECT_OBJC_ISA_USAGE = YES_ERROR;
				CLANG_WARN_DOCUMENTATION_COMMENTS = YES;
				CLANG_WARN_EMPTY_BODY = YES;
				CLANG_WARN_ENUM_CONVERSION = YES;
				CLANG_WARN_INFINITE_RECURSION = YES;
				CLANG_WARN_INT_CONVERSION = YES;
				CLANG_WARN_NON_LITERAL_NULL_CONVERSION = YES;
				CLANG_WARN_OBJC_IMPLICIT_RETAIN_SELF = YES;
				CLANG_WARN_OBJC_LITERAL_CONVERSION = YES;
				CLANG_WARN_OBJC_ROOT_CLASS = YES_ERROR;
				CLANG_WARN_QUOTED_INCLUDE_IN_FRAMEWORK_HEADER = YES;
				CLANG_WARN_RANGE_LOOP_ANALYSIS = YES;
				CLANG_WARN_STRICT_PROTOTYPES = YES;
				CLANG_WARN_SUSPICIOUS_MOVE = YES;
				CLANG_WARN_UNGUARDED_AVAILABILITY = YES_AGGRESSIVE;
				CLANG_WARN_UNREACHABLE_CODE = YES;
				CLANG_WARN__DUPLICATE_METHOD_MATCH = YES;
				COPY_PHASE_STRIP = NO;
				DEBUG_INFORMATION_FORMAT = dwarf;
				ENABLE_STRICT_OBJC_MSGSEND = YES;
				ENABLE_TESTABILITY = YES;
				GCC_C_LANGUAGE_STANDARD = gnu11;
				GCC_DYNAMIC_NO_PIC = NO;
				GCC_NO_COMMON_BLOCKS = YES;
				GCC_OPTIMIZATION_LEVEL = 0;
				GCC_PREPROCESSOR_DEFINITIONS = (
					"DEBUG=1",
					"$(inherited)",
				);
				GCC_WARN_64_TO_32_BIT_CONVERSION = YES;
				GCC_WARN_ABOUT_RETURN_TYPE = YES_ERROR;
				GCC_WARN_UNDECLARED_SELECTOR = YES;
				GCC_WARN_UNINITIALIZED_AUTOS = YES_AGGRESSIVE;
				GCC_WARN_UNUSED_FUNCTION = YES;
				GCC_WARN_UNUSED_VARIABLE = YES;
				IPHONEOS_DEPLOYMENT_TARGET = 15.5;
				MTL_ENABLE_DEBUG_INFO = INCLUDE_SOURCE;
				MTL_FAST_MATH = YES;
				ONLY_ACTIVE_ARCH = YES;
				SDKROOT = iphoneos;
				SWIFT_ACTIVE_COMPILATION_CONDITIONS = DEBUG;
				SWIFT_OPTIMIZATION_LEVEL = "-Onone";
			};
			name = Debug;
		};
		1325CFE12923BF53001C3DA9 /* Release */ = {
			isa = XCBuildConfiguration;
			buildSettings = {
				ALWAYS_SEARCH_USER_PATHS = NO;
				CLANG_ANALYZER_NONNULL = YES;
				CLANG_ANALYZER_NUMBER_OBJECT_CONVERSION = YES_AGGRESSIVE;
				CLANG_CXX_LANGUAGE_STANDARD = "gnu++17";
				CLANG_ENABLE_MODULES = YES;
				CLANG_ENABLE_OBJC_ARC = YES;
				CLANG_ENABLE_OBJC_WEAK = YES;
				CLANG_WARN_BLOCK_CAPTURE_AUTORELEASING = YES;
				CLANG_WARN_BOOL_CONVERSION = YES;
				CLANG_WARN_COMMA = YES;
				CLANG_WARN_CONSTANT_CONVERSION = YES;
				CLANG_WARN_DEPRECATED_OBJC_IMPLEMENTATIONS = YES;
				CLANG_WARN_DIRECT_OBJC_ISA_USAGE = YES_ERROR;
				CLANG_WARN_DOCUMENTATION_COMMENTS = YES;
				CLANG_WARN_EMPTY_BODY = YES;
				CLANG_WARN_ENUM_CONVERSION = YES;
				CLANG_WARN_INFINITE_RECURSION = YES;
				CLANG_WARN_INT_CONVERSION = YES;
				CLANG_WARN_NON_LITERAL_NULL_CONVERSION = YES;
				CLANG_WARN_OBJC_IMPLICIT_RETAIN_SELF = YES;
				CLANG_WARN_OBJC_LITERAL_CONVERSION = YES;
				CLANG_WARN_OBJC_ROOT_CLASS = YES_ERROR;
				CLANG_WARN_QUOTED_INCLUDE_IN_FRAMEWORK_HEADER = YES;
				CLANG_WARN_RANGE_LOOP_ANALYSIS = YES;
				CLANG_WARN_STRICT_PROTOTYPES = YES;
				CLANG_WARN_SUSPICIOUS_MOVE = YES;
				CLANG_WARN_UNGUARDED_AVAILABILITY = YES_AGGRESSIVE;
				CLANG_WARN_UNREACHABLE_CODE = YES;
				CLANG_WARN__DUPLICATE_METHOD_MATCH = YES;
				COPY_PHASE_STRIP = NO;
				DEBUG_INFORMATION_FORMAT = "dwarf-with-dsym";
				ENABLE_NS_ASSERTIONS = NO;
				ENABLE_STRICT_OBJC_MSGSEND = YES;
				GCC_C_LANGUAGE_STANDARD = gnu11;
				GCC_NO_COMMON_BLOCKS = YES;
				GCC_WARN_64_TO_32_BIT_CONVERSION = YES;
				GCC_WARN_ABOUT_RETURN_TYPE = YES_ERROR;
				GCC_WARN_UNDECLARED_SELECTOR = YES;
				GCC_WARN_UNINITIALIZED_AUTOS = YES_AGGRESSIVE;
				GCC_WARN_UNUSED_FUNCTION = YES;
				GCC_WARN_UNUSED_VARIABLE = YES;
				IPHONEOS_DEPLOYMENT_TARGET = 15.5;
				MTL_ENABLE_DEBUG_INFO = NO;
				MTL_FAST_MATH = YES;
				SDKROOT = iphoneos;
				SWIFT_COMPILATION_MODE = wholemodule;
				SWIFT_OPTIMIZATION_LEVEL = "-O";
				VALIDATE_PRODUCT = YES;
			};
			name = Release;
		};
		1325CFE32923BF53001C3DA9 /* Debug */ = {
			isa = XCBuildConfiguration;
			buildSettings = {
				ASSETCATALOG_COMPILER_APPICON_NAME = AppIcon;
				ASSETCATALOG_COMPILER_GLOBAL_ACCENT_COLOR_NAME = AccentColor;
				CODE_SIGN_STYLE = Automatic;
				CURRENT_PROJECT_VERSION = 1;
				GENERATE_INFOPLIST_FILE = YES;
				INFOPLIST_FILE = Weather/Info.plist;
				INFOPLIST_KEY_UIApplicationSupportsIndirectInputEvents = YES;
				INFOPLIST_KEY_UILaunchStoryboardName = LaunchScreen;
				INFOPLIST_KEY_UIMainStoryboardFile = Main;
				INFOPLIST_KEY_UISupportedInterfaceOrientations_iPad = "UIInterfaceOrientationPortrait UIInterfaceOrientationPortraitUpsideDown UIInterfaceOrientationLandscapeLeft UIInterfaceOrientationLandscapeRight";
				INFOPLIST_KEY_UISupportedInterfaceOrientations_iPhone = "UIInterfaceOrientationPortrait UIInterfaceOrientationLandscapeLeft UIInterfaceOrientationLandscapeRight";
				LD_RUNPATH_SEARCH_PATHS = (
					"$(inherited)",
					"@executable_path/Frameworks",
				);
				MARKETING_VERSION = 1.0;
				PRODUCT_BUNDLE_IDENTIFIER = "MISS-Organization.Weather";
				PRODUCT_NAME = "$(TARGET_NAME)";
				SWIFT_EMIT_LOC_STRINGS = YES;
				SWIFT_VERSION = 5.0;
				TARGETED_DEVICE_FAMILY = "1,2";
			};
			name = Debug;
		};
		1325CFE42923BF53001C3DA9 /* Release */ = {
			isa = XCBuildConfiguration;
			buildSettings = {
				ASSETCATALOG_COMPILER_APPICON_NAME = AppIcon;
				ASSETCATALOG_COMPILER_GLOBAL_ACCENT_COLOR_NAME = AccentColor;
				CODE_SIGN_STYLE = Automatic;
				CURRENT_PROJECT_VERSION = 1;
				GENERATE_INFOPLIST_FILE = YES;
				INFOPLIST_FILE = Weather/Info.plist;
				INFOPLIST_KEY_UIApplicationSupportsIndirectInputEvents = YES;
				INFOPLIST_KEY_UILaunchStoryboardName = LaunchScreen;
				INFOPLIST_KEY_UIMainStoryboardFile = Main;
				INFOPLIST_KEY_UISupportedInterfaceOrientations_iPad = "UIInterfaceOrientationPortrait UIInterfaceOrientationPortraitUpsideDown UIInterfaceOrientationLandscapeLeft UIInterfaceOrientationLandscapeRight";
				INFOPLIST_KEY_UISupportedInterfaceOrientations_iPhone = "UIInterfaceOrientationPortrait UIInterfaceOrientationLandscapeLeft UIInterfaceOrientationLandscapeRight";
				LD_RUNPATH_SEARCH_PATHS = (
					"$(inherited)",
					"@executable_path/Frameworks",
				);
				MARKETING_VERSION = 1.0;
				PRODUCT_BUNDLE_IDENTIFIER = "MISS-Organization.Weather";
				PRODUCT_NAME = "$(TARGET_NAME)";
				SWIFT_EMIT_LOC_STRINGS = YES;
				SWIFT_VERSION = 5.0;
				TARGETED_DEVICE_FAMILY = "1,2";
			};
			name = Release;
		};
/* End XCBuildConfiguration section */

/* Begin XCConfigurationList section */
		1325CFC92923BF51001C3DA9 /* Build configuration list for PBXProject "Weather" */ = {
			isa = XCConfigurationList;
			buildConfigurations = (
				1325CFE02923BF53001C3DA9 /* Debug */,
				1325CFE12923BF53001C3DA9 /* Release */,
			);
			defaultConfigurationIsVisible = 0;
			defaultConfigurationName = Release;
		};
		1325CFE22923BF53001C3DA9 /* Build configuration list for PBXNativeTarget "Weather" */ = {
			isa = XCConfigurationList;
			buildConfigurations = (
				1325CFE32923BF53001C3DA9 /* Debug */,
				1325CFE42923BF53001C3DA9 /* Release */,
			);
			defaultConfigurationIsVisible = 0;
			defaultConfigurationName = Release;
		};
/* End XCConfigurationList section */
	};
	rootObject = 1325CFC62923BF51001C3DA9 /* Project object */;
}
